
Microsoft Visual Studio Solution File, Format Version 12.00
# Visual Studio Version 16
VisualStudioVersion = 16.0.32630.194
MinimumVisualStudioVersion = 10.0.40219.1
Project("{FAE04EC0-301F-11D3-BF4B-00C04F79EFBC}") = "HelloWorld", "HelloWorld\HelloWorld.csproj", "{B68735BF-B1B6-44DE-BF24-B36B4F9638BE}"
EndProject
Project("{FAE04EC0-301F-11D3-BF4B-00C04F79EFBC}") = "BaseballGame", "BaseballGame\BaseballGame.csproj", "{C15C4562-5DA3-40B3-94EB-75B50BBD96C7}"
EndProject
Global
	GlobalSection(SolutionConfigurationPlatforms) = preSolution
		Debug|Any CPU = Debug|Any CPU
		Release|Any CPU = Release|Any CPU
	EndGlobalSection
	GlobalSection(ProjectConfigurationPlatforms) = postSolution
		{B68735BF-B1B6-44DE-BF24-B36B4F9638BE}.Debug|Any CPU.ActiveCfg = Debug|Any CPU
		{B68735BF-B1B6-44DE-BF24-B36B4F9638BE}.Debug|Any CPU.Build.0 = Debug|Any CPU
		{B68735BF-B1B6-44DE-BF24-B36B4F9638BE}.Release|Any CPU.ActiveCfg = Release|Any CPU
		{B68735BF-B1B6-44DE-BF24-B36B4F9638BE}.Release|Any CPU.Build.0 = Release|Any CPU
		{C15C4562-5DA3-40B3-94EB-75B50BBD96C7}.Debug|Any CPU.ActiveCfg = Debug|Any CPU
		{C15C4562-5DA3-40B3-94EB-75B50BBD96C7}.Debug|Any CPU.Build.0 = Debug|Any CPU
		{C15C4562-5DA3-40B3-94EB-75B50BBD96C7}.Release|Any CPU.ActiveCfg = Release|Any CPU
		{C15C4562-5DA3-40B3-94EB-75B50BBD96C7}.Release|Any CPU.Build.0 = Release|Any CPU
	EndGlobalSection
	GlobalSection(SolutionProperties) = preSolution
		HideSolutionNode = FALSE
	EndGlobalSection
	GlobalSection(ExtensibilityGlobals) = postSolution
		SolutionGuid = {99F88302-C276-49AE-8CA2-304A71BFA49B}
	EndGlobalSection
EndGlobal
